
Microsoft Visual Studio Solution File, Format Version 12.00
# Visual Studio 15
VisualStudioVersion = 15.0.28307.489
MinimumVisualStudioVersion = 10.0.40219.1
Project("{FAE04EC0-301F-11D3-BF4B-00C04F79EFBC}") = "BackEndWebApp", "BackEndWebApp\BackEndWebApp.csproj", "{568B41D4-B786-4C22-8B45-BD0EE86531ED}"
EndProject
Global
	GlobalSection(SolutionConfigurationPlatforms) = preSolution
		Debug|Any CPU = Debug|Any CPU
		Release|Any CPU = Release|Any CPU
	EndGlobalSection
	GlobalSection(ProjectConfigurationPlatforms) = postSolution
		{568B41D4-B786-4C22-8B45-BD0EE86531ED}.Debug|Any CPU.ActiveCfg = Debug|Any CPU
		{568B41D4-B786-4C22-8B45-BD0EE86531ED}.Debug|Any CPU.Build.0 = Debug|Any CPU
		{568B41D4-B786-4C22-8B45-BD0EE86531ED}.Release|Any CPU.ActiveCfg = Release|Any CPU
		{568B41D4-B786-4C22-8B45-BD0EE86531ED}.Release|Any CPU.Build.0 = Release|Any CPU
	EndGlobalSection
	GlobalSection(SolutionProperties) = preSolution
		HideSolutionNode = FALSE
	EndGlobalSection
	GlobalSection(ExtensibilityGlobals) = postSolution
		SolutionGuid = {C21529BB-B0E8-432A-99FB-2A75950919E5}
	EndGlobalSection
EndGlobal
